
Microsoft Visual Studio Solution File, Format Version 11.00
# Visual Studio 2010
Project("{8BC9CEB8-8B4A-11D0-8D11-00A0C91BC942}") = "regular", "regular\regular.vcxproj", "{4D9BC404-4705-4899-8F68-28A30622937F}"
EndProject
Global
	GlobalSection(SolutionConfigurationPlatforms) = preSolution
		Debug|Win32 = Debug|Win32
		Release|Win32 = Release|Win32
	EndGlobalSection
	GlobalSection(ProjectConfigurationPlatforms) = postSolution
		{4D9BC404-4705-4899-8F68-28A30622937F}.Debug|Win32.ActiveCfg = Debug|Win32
		{4D9BC404-4705-4899-8F68-28A30622937F}.Debug|Win32.Build.0 = Debug|Win32
		{4D9BC404-4705-4899-8F68-28A30622937F}.Release|Win32.ActiveCfg = Release|Win32
		{4D9BC404-4705-4899-8F68-28A30622937F}.Release|Win32.Build.0 = Release|Win32
	EndGlobalSection
	GlobalSection(SolutionProperties) = preSolution
		HideSolutionNode = FALSE
	EndGlobalSection
EndGlobal
